
Microsoft Visual Studio Solution File, Format Version 12.00
# Visual Studio Version 17
VisualStudioVersion = 17.0.31912.275
MinimumVisualStudioVersion = 10.0.40219.1
Project("{FAE04EC0-301F-11D3-BF4B-00C04F79EFBC}") = "CoreAndFood", "CoreAndFood.csproj", "{E5F41258-B21D-442F-B868-8586AEFD2C5C}"
EndProject
Global
	GlobalSection(SolutionConfigurationPlatforms) = preSolution
		Debug|Any CPU = Debug|Any CPU
		Release|Any CPU = Release|Any CPU
	EndGlobalSection
	GlobalSection(ProjectConfigurationPlatforms) = postSolution
		{E5F41258-B21D-442F-B868-8586AEFD2C5C}.Debug|Any CPU.ActiveCfg = Debug|Any CPU
		{E5F41258-B21D-442F-B868-8586AEFD2C5C}.Debug|Any CPU.Build.0 = Debug|Any CPU
		{E5F41258-B21D-442F-B868-8586AEFD2C5C}.Release|Any CPU.ActiveCfg = Release|Any CPU
		{E5F41258-B21D-442F-B868-8586AEFD2C5C}.Release|Any CPU.Build.0 = Release|Any CPU
	EndGlobalSection
	GlobalSection(SolutionProperties) = preSolution
		HideSolutionNode = FALSE
	EndGlobalSection
	GlobalSection(ExtensibilityGlobals) = postSolution
		SolutionGuid = {AFAB9ABA-21E5-42F5-B495-4E715458F21A}
	EndGlobalSection
EndGlobal
